
Microsoft Visual Studio Solution File, Format Version 12.00
# Visual Studio 15
VisualStudioVersion = 15.0.26403.7
MinimumVisualStudioVersion = 10.0.40219.1
Project("{FAE04EC0-301F-11D3-BF4B-00C04F79EFBC}") = "WormsStats.Console", "WormsStats.Console\WormsStats.Console.csproj", "{E11F133F-C3DB-46A9-8782-76DB2CB11FE7}"
EndProject
Project("{FAE04EC0-301F-11D3-BF4B-00C04F79EFBC}") = "WormsStats.ReplayExtractor", "WormsStats.ReplayExtractor\WormsStats.ReplayExtractor.csproj", "{4F4985EB-A649-450E-9682-1B63F3DDE67A}"
EndProject
Project("{FAE04EC0-301F-11D3-BF4B-00C04F79EFBC}") = "WormsStats.Test", "WormsStats.Test\WormsStats.Test.csproj", "{97F78C78-29DB-4D9A-824A-24D68D98441A}"
EndProject
Project("{FAE04EC0-301F-11D3-BF4B-00C04F79EFBC}") = "WormsStats.ReplayModel", "WormsStats.ReplayModel\WormsStats.ReplayModel.csproj", "{16182603-2A95-4B3B-92CB-3F7DFA949C9B}"
EndProject
Global
	GlobalSection(SolutionConfigurationPlatforms) = preSolution
		Debug|Any CPU = Debug|Any CPU
		Release|Any CPU = Release|Any CPU
	EndGlobalSection
	GlobalSection(ProjectConfigurationPlatforms) = postSolution
		{E11F133F-C3DB-46A9-8782-76DB2CB11FE7}.Debug|Any CPU.ActiveCfg = Debug|Any CPU
		{E11F133F-C3DB-46A9-8782-76DB2CB11FE7}.Debug|Any CPU.Build.0 = Debug|Any CPU
		{E11F133F-C3DB-46A9-8782-76DB2CB11FE7}.Release|Any CPU.ActiveCfg = Release|Any CPU
		{E11F133F-C3DB-46A9-8782-76DB2CB11FE7}.Release|Any CPU.Build.0 = Release|Any CPU
		{4F4985EB-A649-450E-9682-1B63F3DDE67A}.Debug|Any CPU.ActiveCfg = Debug|Any CPU
		{4F4985EB-A649-450E-9682-1B63F3DDE67A}.Debug|Any CPU.Build.0 = Debug|Any CPU
		{4F4985EB-A649-450E-9682-1B63F3DDE67A}.Release|Any CPU.ActiveCfg = Release|Any CPU
		{4F4985EB-A649-450E-9682-1B63F3DDE67A}.Release|Any CPU.Build.0 = Release|Any CPU
		{97F78C78-29DB-4D9A-824A-24D68D98441A}.Debug|Any CPU.ActiveCfg = Debug|Any CPU
		{97F78C78-29DB-4D9A-824A-24D68D98441A}.Debug|Any CPU.Build.0 = Debug|Any CPU
		{97F78C78-29DB-4D9A-824A-24D68D98441A}.Release|Any CPU.ActiveCfg = Release|Any CPU
		{97F78C78-29DB-4D9A-824A-24D68D98441A}.Release|Any CPU.Build.0 = Release|Any CPU
		{16182603-2A95-4B3B-92CB-3F7DFA949C9B}.Debug|Any CPU.ActiveCfg = Debug|Any CPU
		{16182603-2A95-4B3B-92CB-3F7DFA949C9B}.Debug|Any CPU.Build.0 = Debug|Any CPU
		{16182603-2A95-4B3B-92CB-3F7DFA949C9B}.Release|Any CPU.ActiveCfg = Release|Any CPU
		{16182603-2A95-4B3B-92CB-3F7DFA949C9B}.Release|Any CPU.Build.0 = Release|Any CPU
	EndGlobalSection
	GlobalSection(SolutionProperties) = preSolution
		HideSolutionNode = FALSE
	EndGlobalSection
EndGlobal
